[[package]]
category = "main"
description = "Classes Without Boilerplate"
name = "attrs"
optional = false
python-versions = ">=2.7, !=3.0.*, !=3.1.*, !=3.2.*, !=3.3.*"
version = "19.3.0"

[package.extras]
azure-pipelines = ["coverage", "hypothesis", "pympler", "pytest (>=4.3.0)", "six", "zope.interface", "pytest-azurepipelines"]
dev = ["coverage", "hypothesis", "pympler", "pytest (>=4.3.0)", "six", "zope.interface", "sphinx", "pre-commit"]
docs = ["sphinx", "zope.interface"]
tests = ["coverage", "hypothesis", "pympler", "pytest (>=4.3.0)", "six", "zope.interface"]

[[package]]
category = "main"
description = "When they're not builtins, they're boltons."
name = "boltons"
optional = false
python-versions = "*"
version = "20.1.0"

[[package]]
category = "main"
description = "Python Client for Couchbase"
name = "couchbase"
optional = false
python-versions = ">=3.5"
version = "3.0.0"

[package.dependencies]
attrs = ">=19.1.0"
boltons = ">=19.1.0"
mypy-extensions = "*"
pyrsistent = ">=0.15.2"
wrapt = ">=1.11.2"

[[package]]
category = "main"
description = "Experimental type system extensions for programs checked with the mypy typechecker."
name = "mypy-extensions"
optional = false
python-versions = "*"
version = "0.4.3"

[[package]]
category = "main"
description = "Persistent/Functional/Immutable data structures"
name = "pyrsistent"
optional = false
python-versions = "*"
version = "0.16.0"

[package.dependencies]
six = "*"

[[package]]
category = "main"
description = "Python 2 and 3 compatibility utilities"
name = "six"
optional = false
python-versions = ">=2.7, !=3.0.*, !=3.1.*, !=3.2.*"
version = "1.15.0"

[[package]]
category = "main"
description = "Module for decorators, wrappers and monkey patching."
name = "wrapt"
optional = false
python-versions = "*"
version = "1.12.1"

[metadata]
content-hash = "171f2784e6bf76dd495da9313a6d9f85bada0d7e4774cb91a6380c3b31717124"
python-versions = "^3.8"

[metadata.files]
attrs = [
    {file = "attrs-19.3.0-py2.py3-none-any.whl", hash = "sha256:08a96c641c3a74e44eb59afb61a24f2cb9f4d7188748e76ba4bb5edfa3cb7d1c"},
    {file = "attrs-19.3.0.tar.gz", hash = "sha256:f7b7ce16570fe9965acd6d30101a28f62fb4a7f9e926b3bbc9b61f8b04247e72"},
]
boltons = [
    {file = "boltons-20.1.0-py2.py3-none-any.whl", hash = "sha256:b3fc2b711f50cd975e726324d98e0bd5a324dd7e3b81d5e6a1b03c542d0c66c4"},
    {file = "boltons-20.1.0.tar.gz", hash = "sha256:6e890b173c5f2dcb4ec62320b3799342ecb1a6a0b2253014455387665d62c213"},
]
couchbase = [
    {file = "couchbase-3.0.0-cp37-cp37m-win_amd64.whl", hash = "sha256:5b63d54961742b7c3cf1252678804944a28d54dbad5f54282b02dcdcf5a247b4"},
    {file = "couchbase-3.0.0-cp38-cp38-win_amd64.whl", hash = "sha256:dfd72c3602a0e998e131048d3516b1c99eb02b724b7e70a5f9728c94536f3f5a"},
    {file = "couchbase-3.0.0.tar.gz", hash = "sha256:0ba718d782089bbeb87936c09ad3bb67fef6d53374d7ce3586d9a22391f6302f"},
]
mypy-extensions = [
    {file = "mypy_extensions-0.4.3-py2.py3-none-any.whl", hash = "sha256:090fedd75945a69ae91ce1303b5824f428daf5a028d2f6ab8a299250a846f15d"},
    {file = "mypy_extensions-0.4.3.tar.gz", hash = "sha256:2d82818f5bb3e369420cb3c4060a7970edba416647068eb4c5343488a6c604a8"},
]
pyrsistent = [
    {file = "pyrsistent-0.16.0.tar.gz", hash = "sha256:28669905fe725965daa16184933676547c5bb40a5153055a8dee2a4bd7933ad3"},
]
six = [
    {file = "six-1.15.0-py2.py3-none-any.whl", hash = "sha256:8b74bedcbbbaca38ff6d7491d76f2b06b3592611af620f8426e82dddb04a5ced"},
    {file = "six-1.15.0.tar.gz", hash = "sha256:30639c035cdb23534cd4aa2dd52c3bf48f06e5f4a941509c8bafd8ce11080259"},
]
wrapt = [
    {file = "wrapt-1.12.1.tar.gz", hash = "sha256:b62ffa81fb85f4332a4f609cab4ac40709470da05643a082ec1eb88e6d9b97d7"},
]
